
Microsoft Visual Studio Solution File, Format Version 12.00
# Visual Studio 15
VisualStudioVersion = 15.0.27130.2027
MinimumVisualStudioVersion = 10.0.40219.1
Project("{9A19103F-16F7-4668-BE54-9A1E7A4F7556}") = "PokemonGenerator", "src\PokemonGenerator\PokemonGenerator.csproj", "{DFF429CD-326E-4558-8319-E00B430DF65A}"
EndProject
Project("{2150E333-8FDC-42A3-9474-1A3956D46DE8}") = "Solution Items", "Solution Items", "{871427A5-3544-491D-A3F2-E0A707EA754E}"
	ProjectSection(SolutionItems) = preProject
		.travis.yml = .travis.yml
		Gold.sav = Gold.sav
		LISCENCE.rtf = LISCENCE.rtf
		README.md = README.md
		Silver.sav = Silver.sav
		ThePokeBase.sdf = ThePokeBase.sdf
	EndProjectSection
EndProject
Project("{9A19103F-16F7-4668-BE54-9A1E7A4F7556}") = "PokemonGenerator.Tests.Unit", "tests\PokemonGenerator.Tests.Unit\PokemonGenerator.Tests.Unit.csproj", "{8E087623-FA33-4E1C-A310-40D92D94F67A}"
EndProject
Project("{9A19103F-16F7-4668-BE54-9A1E7A4F7556}") = "PokemonGenerator.Tests.Integration", "tests\PokemonGenerator.Tests.Integration\PokemonGenerator.Tests.Integration.csproj", "{A791F750-1FDA-4516-B994-5422EC455742}"
EndProject
Project("{930C7802-8A8C-48F9-8165-68863BCCD9DD}") = "Installer", "Installer\Installer.wixproj", "{6EA8BC8E-9AB0-43A7-8CCB-B47B1D4B870F}"
EndProject
Global
	GlobalSection(SolutionConfigurationPlatforms) = preSolution
		Debug|Any CPU = Debug|Any CPU
		Debug|x86 = Debug|x86
		Release|Any CPU = Release|Any CPU
		Release|x86 = Release|x86
	EndGlobalSection
	GlobalSection(ProjectConfigurationPlatforms) = postSolution
		{DFF429CD-326E-4558-8319-E00B430DF65A}.Debug|Any CPU.ActiveCfg = Debug|Any CPU
		{DFF429CD-326E-4558-8319-E00B430DF65A}.Debug|Any CPU.Build.0 = Debug|Any CPU
		{DFF429CD-326E-4558-8319-E00B430DF65A}.Debug|x86.ActiveCfg = Debug|Any CPU
		{DFF429CD-326E-4558-8319-E00B430DF65A}.Debug|x86.Build.0 = Debug|Any CPU
		{DFF429CD-326E-4558-8319-E00B430DF65A}.Release|Any CPU.ActiveCfg = Release|Any CPU
		{DFF429CD-326E-4558-8319-E00B430DF65A}.Release|Any CPU.Build.0 = Release|Any CPU
		{DFF429CD-326E-4558-8319-E00B430DF65A}.Release|x86.ActiveCfg = Release|Any CPU
		{DFF429CD-326E-4558-8319-E00B430DF65A}.Release|x86.Build.0 = Release|Any CPU
		{8E087623-FA33-4E1C-A310-40D92D94F67A}.Debug|Any CPU.ActiveCfg = Debug|Any CPU
		{8E087623-FA33-4E1C-A310-40D92D94F67A}.Debug|Any CPU.Build.0 = Debug|Any CPU
		{8E087623-FA33-4E1C-A310-40D92D94F67A}.Debug|x86.ActiveCfg = Debug|Any CPU
		{8E087623-FA33-4E1C-A310-40D92D94F67A}.Debug|x86.Build.0 = Debug|Any CPU
		{8E087623-FA33-4E1C-A310-40D92D94F67A}.Release|Any CPU.ActiveCfg = Release|Any CPU
		{8E087623-FA33-4E1C-A310-40D92D94F67A}.Release|Any CPU.Build.0 = Release|Any CPU
		{8E087623-FA33-4E1C-A310-40D92D94F67A}.Release|x86.ActiveCfg = Release|Any CPU
		{8E087623-FA33-4E1C-A310-40D92D94F67A}.Release|x86.Build.0 = Release|Any CPU
		{A791F750-1FDA-4516-B994-5422EC455742}.Debug|Any CPU.ActiveCfg = Debug|Any CPU
		{A791F750-1FDA-4516-B994-5422EC455742}.Debug|Any CPU.Build.0 = Debug|Any CPU
		{A791F750-1FDA-4516-B994-5422EC455742}.Debug|x86.ActiveCfg = Debug|Any CPU
		{A791F750-1FDA-4516-B994-5422EC455742}.Debug|x86.Build.0 = Debug|Any CPU
		{A791F750-1FDA-4516-B994-5422EC455742}.Release|Any CPU.ActiveCfg = Release|Any CPU
		{A791F750-1FDA-4516-B994-5422EC455742}.Release|Any CPU.Build.0 = Release|Any CPU
		{A791F750-1FDA-4516-B994-5422EC455742}.Release|x86.ActiveCfg = Release|Any CPU
		{A791F750-1FDA-4516-B994-5422EC455742}.Release|x86.Build.0 = Release|Any CPU
		{6EA8BC8E-9AB0-43A7-8CCB-B47B1D4B870F}.Debug|Any CPU.ActiveCfg = Debug|x86
		{6EA8BC8E-9AB0-43A7-8CCB-B47B1D4B870F}.Debug|x86.ActiveCfg = Debug|x86
		{6EA8BC8E-9AB0-43A7-8CCB-B47B1D4B870F}.Debug|x86.Build.0 = Debug|x86
		{6EA8BC8E-9AB0-43A7-8CCB-B47B1D4B870F}.Release|Any CPU.ActiveCfg = Release|x86
		{6EA8BC8E-9AB0-43A7-8CCB-B47B1D4B870F}.Release|x86.ActiveCfg = Release|x86
		{6EA8BC8E-9AB0-43A7-8CCB-B47B1D4B870F}.Release|x86.Build.0 = Release|x86
	EndGlobalSection
	GlobalSection(SolutionProperties) = preSolution
		HideSolutionNode = FALSE
	EndGlobalSection
	GlobalSection(ExtensibilityGlobals) = postSolution
		SolutionGuid = {B7388C39-1669-4234-9165-997A2E0298AC}
	EndGlobalSection
EndGlobal
